
Microsoft Visual Studio Solution File, Format Version 12.00
# Visual Studio 2013
VisualStudioVersion = 12.0.40629.0
MinimumVisualStudioVersion = 10.0.40219.1
Project("{8BC9CEB8-8B4A-11D0-8D11-00A0C91BC942}") = "GX", "GX.vcxproj", "{7B7EE51F-2F1C-4297-BACD-F07985A067FC}"
EndProject
Project("{8BC9CEB8-8B4A-11D0-8D11-00A0C91BC942}") = "GXTest", "..\..\test\project\vs\GXTest.vcxproj", "{29900B08-D1A1-4BDD-9444-93BF0E808637}"
	ProjectSection(ProjectDependencies) = postProject
		{7B7EE51F-2F1C-4297-BACD-F07985A067FC} = {7B7EE51F-2F1C-4297-BACD-F07985A067FC}
	EndProjectSection
EndProject
Project("{8BC9CEB8-8B4A-11D0-8D11-00A0C91BC942}") = "gx_sed", "..\..\tool\cmd\sed\project\vs\gx_sed.vcxproj", "{4D01CE96-12F5-48F5-ADAB-5FB797059A68}"
EndProject
Project("{2150E333-8FDC-42A3-9474-1A3956D46DE8}") = "cmd", "cmd", "{166A3D68-4DD3-4C7A-872A-EB40EC0299F1}"
EndProject
Global
	GlobalSection(SolutionConfigurationPlatforms) = preSolution
		Debug|Mixed Platforms = Debug|Mixed Platforms
		Debug|Win32 = Debug|Win32
		Debug|x64 = Debug|x64
		Release|Mixed Platforms = Release|Mixed Platforms
		Release|Win32 = Release|Win32
		Release|x64 = Release|x64
	EndGlobalSection
	GlobalSection(ProjectConfigurationPlatforms) = postSolution
		{7B7EE51F-2F1C-4297-BACD-F07985A067FC}.Debug|Mixed Platforms.ActiveCfg = Debug|Win32
		{7B7EE51F-2F1C-4297-BACD-F07985A067FC}.Debug|Mixed Platforms.Build.0 = Debug|Win32
		{7B7EE51F-2F1C-4297-BACD-F07985A067FC}.Debug|Win32.ActiveCfg = Debug|Win32
		{7B7EE51F-2F1C-4297-BACD-F07985A067FC}.Debug|Win32.Build.0 = Debug|Win32
		{7B7EE51F-2F1C-4297-BACD-F07985A067FC}.Debug|x64.ActiveCfg = Debug|x64
		{7B7EE51F-2F1C-4297-BACD-F07985A067FC}.Debug|x64.Build.0 = Debug|x64
		{7B7EE51F-2F1C-4297-BACD-F07985A067FC}.Release|Mixed Platforms.ActiveCfg = Release|Win32
		{7B7EE51F-2F1C-4297-BACD-F07985A067FC}.Release|Mixed Platforms.Build.0 = Release|Win32
		{7B7EE51F-2F1C-4297-BACD-F07985A067FC}.Release|Win32.ActiveCfg = Release|Win32
		{7B7EE51F-2F1C-4297-BACD-F07985A067FC}.Release|Win32.Build.0 = Release|Win32
		{7B7EE51F-2F1C-4297-BACD-F07985A067FC}.Release|x64.ActiveCfg = Release|x64
		{7B7EE51F-2F1C-4297-BACD-F07985A067FC}.Release|x64.Build.0 = Release|x64
		{29900B08-D1A1-4BDD-9444-93BF0E808637}.Debug|Mixed Platforms.ActiveCfg = Debug|Win32
		{29900B08-D1A1-4BDD-9444-93BF0E808637}.Debug|Mixed Platforms.Build.0 = Debug|Win32
		{29900B08-D1A1-4BDD-9444-93BF0E808637}.Debug|Win32.ActiveCfg = Debug|Win32
		{29900B08-D1A1-4BDD-9444-93BF0E808637}.Debug|Win32.Build.0 = Debug|Win32
		{29900B08-D1A1-4BDD-9444-93BF0E808637}.Debug|x64.ActiveCfg = Debug|x64
		{29900B08-D1A1-4BDD-9444-93BF0E808637}.Debug|x64.Build.0 = Debug|x64
		{29900B08-D1A1-4BDD-9444-93BF0E808637}.Release|Mixed Platforms.ActiveCfg = Release|Win32
		{29900B08-D1A1-4BDD-9444-93BF0E808637}.Release|Mixed Platforms.Build.0 = Release|Win32
		{29900B08-D1A1-4BDD-9444-93BF0E808637}.Release|Win32.ActiveCfg = Release|Win32
		{29900B08-D1A1-4BDD-9444-93BF0E808637}.Release|Win32.Build.0 = Release|Win32
		{29900B08-D1A1-4BDD-9444-93BF0E808637}.Release|x64.ActiveCfg = Release|x64
		{29900B08-D1A1-4BDD-9444-93BF0E808637}.Release|x64.Build.0 = Release|x64
		{4D01CE96-12F5-48F5-ADAB-5FB797059A68}.Debug|Mixed Platforms.ActiveCfg = Debug|Win32
		{4D01CE96-12F5-48F5-ADAB-5FB797059A68}.Debug|Mixed Platforms.Build.0 = Debug|Win32
		{4D01CE96-12F5-48F5-ADAB-5FB797059A68}.Debug|Win32.ActiveCfg = Debug|Win32
		{4D01CE96-12F5-48F5-ADAB-5FB797059A68}.Debug|Win32.Build.0 = Debug|Win32
		{4D01CE96-12F5-48F5-ADAB-5FB797059A68}.Debug|x64.ActiveCfg = Debug|x64
		{4D01CE96-12F5-48F5-ADAB-5FB797059A68}.Debug|x64.Build.0 = Debug|x64
		{4D01CE96-12F5-48F5-ADAB-5FB797059A68}.Release|Mixed Platforms.ActiveCfg = Release|Win32
		{4D01CE96-12F5-48F5-ADAB-5FB797059A68}.Release|Mixed Platforms.Build.0 = Release|Win32
		{4D01CE96-12F5-48F5-ADAB-5FB797059A68}.Release|Win32.ActiveCfg = Release|Win32
		{4D01CE96-12F5-48F5-ADAB-5FB797059A68}.Release|Win32.Build.0 = Release|Win32
		{4D01CE96-12F5-48F5-ADAB-5FB797059A68}.Release|x64.ActiveCfg = Release|x64
		{4D01CE96-12F5-48F5-ADAB-5FB797059A68}.Release|x64.Build.0 = Release|x64
	EndGlobalSection
	GlobalSection(SolutionProperties) = preSolution
		HideSolutionNode = FALSE
	EndGlobalSection
	GlobalSection(NestedProjects) = preSolution
		{4D01CE96-12F5-48F5-ADAB-5FB797059A68} = {166A3D68-4DD3-4C7A-872A-EB40EC0299F1}
	EndGlobalSection
EndGlobal
