<?xml version="1.0" encoding="utf-8"?>
<Project ToolsVersion="4.0" xmlns="http://schemas.microsoft.com/developer/msbuild/2003">
  <ItemGroup>
    <Filter Include="src">
      <UniqueIdentifier>{1b127926-5e7b-45fa-85b7-9e5169fbca38}</UniqueIdentifier>
    </Filter>
    <Filter Include="src\String">
      <UniqueIdentifier>{5126b0fe-82ad-4b25-877a-e57a1eaf1628}</UniqueIdentifier>
    </Filter>
    <Filter Include="src\App">
      <UniqueIdentifier>{95c16b14-7f34-41eb-9391-66c5f68e5f0f}</UniqueIdentifier>
    </Filter>
    <Filter Include="src\Struct">
      <UniqueIdentifier>{0812140a-f14c-4c39-8f1b-0ab6180518e4}</UniqueIdentifier>
    </Filter>
    <Filter Include="src\Thread">
      <UniqueIdentifier>{3c510c6c-262d-4e09-870b-b5d3be8756c5}</UniqueIdentifier>
    </Filter>
    <Filter Include="src\Math">
      <UniqueIdentifier>{cfdf0899-9b14-43fc-8c90-768fa13b5b00}</UniqueIdentifier>
    </Filter>
    <Filter Include="src\Unuse">
      <UniqueIdentifier>{85f3a215-27c5-4181-9cef-8e62cdba9596}</UniqueIdentifier>
    </Filter>
    <Filter Include="src\Window">
      <UniqueIdentifier>{91633f66-2b1b-460b-9747-2329acf4da93}</UniqueIdentifier>
    </Filter>
    <Filter Include="src\Window\glew">
      <UniqueIdentifier>{78e8958d-1015-4cf7-b851-bbad82f4bbcb}</UniqueIdentifier>
    </Filter>
    <Filter Include="src\Window\shader">
      <UniqueIdentifier>{7515a65e-5c60-4d83-8d87-cc7d9697a4e8}</UniqueIdentifier>
    </Filter>
  </ItemGroup>
  <ItemGroup>
    <ClCompile Include="..\..\src\GClass.cpp">
      <Filter>src</Filter>
    </ClCompile>
    <ClCompile Include="..\..\src\GObject.cpp">
      <Filter>src</Filter>
    </ClCompile>
    <ClCompile Include="..\..\src\GAutoreleasePool.cpp">
      <Filter>src</Filter>
    </ClCompile>
    <ClCompile Include="..\..\src\GLog.cpp">
      <Filter>src</Filter>
    </ClCompile>
    <ClCompile Include="..\..\src\GDataString.cpp">
      <Filter>src\String</Filter>
    </ClCompile>
    <ClCompile Include="..\..\src\GTString.cpp">
      <Filter>src\String</Filter>
    </ClCompile>
    <ClCompile Include="..\..\src\GWString.cpp">
      <Filter>src\String</Filter>
    </ClCompile>
    <ClCompile Include="..\..\src\GString.cpp">
      <Filter>src\String</Filter>
    </ClCompile>
    <ClCompile Include="..\..\src\GApplication.cpp">
      <Filter>src\App</Filter>
    </ClCompile>
    <ClCompile Include="..\..\src\GArray.cpp">
      <Filter>src\Struct</Filter>
    </ClCompile>
    <ClCompile Include="..\..\src\GData.cpp">
      <Filter>src\Struct</Filter>
    </ClCompile>
    <ClCompile Include="..\..\src\GDataArray.cpp">
      <Filter>src\Struct</Filter>
    </ClCompile>
    <ClCompile Include="..\..\src\GMap.cpp">
      <Filter>src\Struct</Filter>
    </ClCompile>
    <ClCompile Include="..\..\src\GCondition.cpp">
      <Filter>src\Thread</Filter>
    </ClCompile>
    <ClCompile Include="..\..\src\GMutex.cpp">
      <Filter>src\Thread</Filter>
    </ClCompile>
    <ClCompile Include="..\..\src\GPieceData.cpp">
      <Filter>src\Struct</Filter>
    </ClCompile>
    <ClCompile Include="..\..\src\GRunLoop.cpp">
      <Filter>src\Thread</Filter>
    </ClCompile>
    <ClCompile Include="..\..\src\GXPthread.cpp">
      <Filter>src\Thread</Filter>
    </ClCompile>
    <ClCompile Include="..\..\src\GOWHash.cpp">
      <Filter>src\Math</Filter>
    </ClCompile>
    <ClCompile Include="..\..\src\GUUID.cpp">
      <Filter>src\Math</Filter>
    </ClCompile>
    <ClCompile Include="..\..\src\GThread.cpp">
      <Filter>src\Thread</Filter>
    </ClCompile>
    <ClCompile Include="..\..\src\GSystem.cpp">
      <Filter>src\App</Filter>
    </ClCompile>
    <ClCompile Include="..\..\src\GJavaAPI.cpp">
      <Filter>src\Unuse</Filter>
    </ClCompile>
    <ClCompile Include="..\..\src\GJavaCAPI.cpp">
      <Filter>src\Unuse</Filter>
    </ClCompile>
    <ClCompile Include="..\..\src\GJavaClass.cpp">
      <Filter>src\Unuse</Filter>
    </ClCompile>
    <ClCompile Include="..\..\src\GJavaJAPI.cpp">
      <Filter>src\Unuse</Filter>
    </ClCompile>
    <ClCompile Include="..\..\src\GContext.cpp">
      <Filter>src\Window</Filter>
    </ClCompile>
    <ClCompile Include="..\..\src\GD3DContext.cpp">
      <Filter>src\Window</Filter>
    </ClCompile>
    <ClCompile Include="..\..\src\GOGLContext.cpp">
      <Filter>src\Window</Filter>
    </ClCompile>
    <ClCompile Include="..\..\src\GXDirectX.cpp">
      <Filter>src\Window</Filter>
    </ClCompile>
    <ClCompile Include="..\..\src\GXOpenGL.cpp">
      <Filter>src\Window</Filter>
    </ClCompile>
    <ClCompile Include="..\..\src\GNumber.cpp">
      <Filter>src\Struct</Filter>
    </ClCompile>
    <ClCompile Include="..\..\src\GPtr.cpp">
      <Filter>src</Filter>
    </ClCompile>
    <ClCompile Include="..\..\src\GNotice.cpp">
      <Filter>src\Thread</Filter>
    </ClCompile>
    <ClCompile Include="..\..\src\GNoticeCenter.cpp">
      <Filter>src\Thread</Filter>
    </ClCompile>
    <ClCompile Include="..\..\src\GAction.cpp">
      <Filter>src\Thread</Filter>
    </ClCompile>
    <ClCompile Include="..\..\src\glew.c">
      <Filter>src\Window\glew</Filter>
    </ClCompile>
    <ClCompile Include="..\..\src\GWindow.cpp">
      <Filter>src\Window</Filter>
    </ClCompile>
    <ClCompile Include="..\..\src\GXMath.cpp">
      <Filter>src\Math</Filter>
    </ClCompile>
    <ClCompile Include="..\..\src\GMatrix.cpp">
      <Filter>src\Math</Filter>
    </ClCompile>
    <ClCompile Include="..\..\src\GVector.cpp">
      <Filter>src\Math</Filter>
    </ClCompile>
    <ClCompile Include="..\..\src\GShader.cpp">
      <Filter>src\Window\shader</Filter>
    </ClCompile>
    <ClCompile Include="..\..\src\GXCWnd.cpp">
      <Filter>src\Window</Filter>
    </ClCompile>
    <ClCompile Include="..\..\src\GDShader.cpp">
      <Filter>src\Window\shader</Filter>
    </ClCompile>
    <ClCompile Include="..\..\src\GOShader.cpp">
      <Filter>src\Window\shader</Filter>
    </ClCompile>
  </ItemGroup>
  <ItemGroup>
    <ClInclude Include="..\..\src\GClass.h">
      <Filter>src</Filter>
    </ClInclude>
    <ClInclude Include="..\..\src\GObject.h">
      <Filter>src</Filter>
    </ClInclude>
    <ClInclude Include="..\..\src\GX.h">
      <Filter>src</Filter>
    </ClInclude>
    <ClInclude Include="..\..\src\GXOSs.h">
      <Filter>src</Filter>
    </ClInclude>
    <ClInclude Include="..\..\src\GXPrefix.h">
      <Filter>src</Filter>
    </ClInclude>
    <ClInclude Include="..\..\src\GXTypes.h">
      <Filter>src</Filter>
    </ClInclude>
    <ClInclude Include="..\..\src\GAutoreleasePool.h">
      <Filter>src</Filter>
    </ClInclude>
    <ClInclude Include="..\..\src\GLog.h">
      <Filter>src</Filter>
    </ClInclude>
    <ClInclude Include="..\..\src\GDataString.h">
      <Filter>src\String</Filter>
    </ClInclude>
    <ClInclude Include="..\..\src\GTString.h">
      <Filter>src\String</Filter>
    </ClInclude>
    <ClInclude Include="..\..\src\GWString.h">
      <Filter>src\String</Filter>
    </ClInclude>
    <ClInclude Include="..\..\src\GString.h">
      <Filter>src\String</Filter>
    </ClInclude>
    <ClInclude Include="..\..\src\GXEncoding.h">
      <Filter>src\String</Filter>
    </ClInclude>
    <ClInclude Include="..\..\src\GApplication.h">
      <Filter>src\App</Filter>
    </ClInclude>
    <ClInclude Include="..\..\src\GArray.h">
      <Filter>src\Struct</Filter>
    </ClInclude>
    <ClInclude Include="..\..\src\GData.h">
      <Filter>src\Struct</Filter>
    </ClInclude>
    <ClInclude Include="..\..\src\GDataArray.h">
      <Filter>src\Struct</Filter>
    </ClInclude>
    <ClInclude Include="..\..\src\GMap.h">
      <Filter>src\Struct</Filter>
    </ClInclude>
    <ClInclude Include="..\..\src\GCondition.h">
      <Filter>src\Thread</Filter>
    </ClInclude>
    <ClInclude Include="..\..\src\GMutex.h">
      <Filter>src\Thread</Filter>
    </ClInclude>
    <ClInclude Include="..\..\src\GPieceData.h">
      <Filter>src\Struct</Filter>
    </ClInclude>
    <ClInclude Include="..\..\src\GRunLoop.h">
      <Filter>src\Thread</Filter>
    </ClInclude>
    <ClInclude Include="..\..\src\GXPthread.h">
      <Filter>src\Thread</Filter>
    </ClInclude>
    <ClInclude Include="..\..\src\GOWHash.h">
      <Filter>src\Math</Filter>
    </ClInclude>
    <ClInclude Include="..\..\src\GUUID.h">
      <Filter>src\Math</Filter>
    </ClInclude>
    <ClInclude Include="..\..\src\GSystem.h">
      <Filter>src\App</Filter>
    </ClInclude>
    <ClInclude Include="..\..\src\com_gxengine_GX.h">
      <Filter>src\Unuse</Filter>
    </ClInclude>
    <ClInclude Include="..\..\src\com_gxengine_gx_GJavaJAPI.h">
      <Filter>src\Unuse</Filter>
    </ClInclude>
    <ClInclude Include="..\..\src\GJavaAPI.h">
      <Filter>src\Unuse</Filter>
    </ClInclude>
    <ClInclude Include="..\..\src\GJavaCAPI.h">
      <Filter>src\Unuse</Filter>
    </ClInclude>
    <ClInclude Include="..\..\src\GJavaClass.h">
      <Filter>src\Unuse</Filter>
    </ClInclude>
    <ClInclude Include="..\..\src\GJavaJAPI.h">
      <Filter>src\Unuse</Filter>
    </ClInclude>
    <ClInclude Include="..\..\src\GContext.h">
      <Filter>src\Window</Filter>
    </ClInclude>
    <ClInclude Include="..\..\src\GD3DContext.h">
      <Filter>src\Window</Filter>
    </ClInclude>
    <ClInclude Include="..\..\src\GOGLContext.h">
      <Filter>src\Window</Filter>
    </ClInclude>
    <ClInclude Include="..\..\src\GXDirectX.h">
      <Filter>src\Window</Filter>
    </ClInclude>
    <ClInclude Include="..\..\src\GXOpenGL.h">
      <Filter>src\Window</Filter>
    </ClInclude>
    <ClInclude Include="..\..\src\GThread.h">
      <Filter>src\Thread</Filter>
    </ClInclude>
    <ClInclude Include="..\..\src\GNumber.h">
      <Filter>src\Struct</Filter>
    </ClInclude>
    <ClInclude Include="..\..\src\GPtr.h">
      <Filter>src</Filter>
    </ClInclude>
    <ClInclude Include="..\..\src\GNotice.h">
      <Filter>src\Thread</Filter>
    </ClInclude>
    <ClInclude Include="..\..\src\GNoticeCenter.h">
      <Filter>src\Thread</Filter>
    </ClInclude>
    <ClInclude Include="..\..\src\GAction.h">
      <Filter>src\Thread</Filter>
    </ClInclude>
    <ClInclude Include="..\..\src\GL\glew.h">
      <Filter>src\Window\glew</Filter>
    </ClInclude>
    <ClInclude Include="..\..\src\GL\glxew.h">
      <Filter>src\Window\glew</Filter>
    </ClInclude>
    <ClInclude Include="..\..\src\GL\wglew.h">
      <Filter>src\Window\glew</Filter>
    </ClInclude>
    <ClInclude Include="..\..\src\GWindow.h">
      <Filter>src\Window</Filter>
    </ClInclude>
    <ClInclude Include="..\..\src\GXMath.h">
      <Filter>src\Math</Filter>
    </ClInclude>
    <ClInclude Include="..\..\src\GMatrix.h">
      <Filter>src\Math</Filter>
    </ClInclude>
    <ClInclude Include="..\..\src\GVector.h">
      <Filter>src\Math</Filter>
    </ClInclude>
    <ClInclude Include="..\..\src\GShader.h">
      <Filter>src\Window\shader</Filter>
    </ClInclude>
    <ClInclude Include="..\..\src\GXCWnd.h">
      <Filter>src\Window</Filter>
    </ClInclude>
    <ClInclude Include="..\..\src\GDShader.h">
      <Filter>src\Window\shader</Filter>
    </ClInclude>
    <ClInclude Include="..\..\src\GOShader.h">
      <Filter>src\Window\shader</Filter>
    </ClInclude>
  </ItemGroup>
</Project>