// !$*UTF8*$!
{
	archiveVersion = 1;
	classes = {
	};
	objectVersion = 46;
	objects = {

/* Begin PBXBuildFile section */
		CA0113A71EE9A6CD00836A56 /* png-0029.png in Resources */ = {isa = PBXBuildFile; fileRef = CA0113A61EE9A6CD00836A56 /* png-0029.png */; };
		CA0113A81EE9A6CD00836A56 /* png-0029.png in Resources */ = {isa = PBXBuildFile; fileRef = CA0113A61EE9A6CD00836A56 /* png-0029.png */; };
		CA0113A91EE9A6CD00836A56 /* png-0029.png in Resources */ = {isa = PBXBuildFile; fileRef = CA0113A61EE9A6CD00836A56 /* png-0029.png */; };
		CA1F60AB1CD984BB00C6307B /* AppDge.cpp in Sources */ = {isa = PBXBuildFile; fileRef = CA1F60A91CD984BB00C6307B /* AppDge.cpp */; };
		CA1F60AC1CD984BB00C6307B /* AppDge.cpp in Sources */ = {isa = PBXBuildFile; fileRef = CA1F60A91CD984BB00C6307B /* AppDge.cpp */; };
		CA1F60AD1CD984BB00C6307B /* AppDge.cpp in Sources */ = {isa = PBXBuildFile; fileRef = CA1F60A91CD984BB00C6307B /* AppDge.cpp */; };
		CA1F60B81CD9894600C6307B /* MainMenu.xib in Resources */ = {isa = PBXBuildFile; fileRef = CA1F60B51CD9894600C6307B /* MainMenu.xib */; };
		CA1F60CA1CD99A6500C6307B /* LaunchScreen.storyboard in Resources */ = {isa = PBXBuildFile; fileRef = CA1F60C91CD99A6500C6307B /* LaunchScreen.storyboard */; };
		CA24E8FD1EEEE3AB004FD7AC /* MImage.cpp in Sources */ = {isa = PBXBuildFile; fileRef = CA24E8FB1EEEE3AB004FD7AC /* MImage.cpp */; };
		CA24E8FE1EEEE3AB004FD7AC /* MImage.cpp in Sources */ = {isa = PBXBuildFile; fileRef = CA24E8FB1EEEE3AB004FD7AC /* MImage.cpp */; };
		CA24E8FF1EEEE3AB004FD7AC /* MImage.cpp in Sources */ = {isa = PBXBuildFile; fileRef = CA24E8FB1EEEE3AB004FD7AC /* MImage.cpp */; };
		CA75BAD31D830D4400236109 /* lena_rgb.jpg in Resources */ = {isa = PBXBuildFile; fileRef = CA75BAD21D830D4400236109 /* lena_rgb.jpg */; };
		CA75BAD41D830D4400236109 /* lena_rgb.jpg in Resources */ = {isa = PBXBuildFile; fileRef = CA75BAD21D830D4400236109 /* lena_rgb.jpg */; };
		CA75BAD51D830D4400236109 /* lena_rgb.jpg in Resources */ = {isa = PBXBuildFile; fileRef = CA75BAD21D830D4400236109 /* lena_rgb.jpg */; };
		CA80D1EE1E0A525D001E57AF /* Game.cpp in Sources */ = {isa = PBXBuildFile; fileRef = CA80D1EC1E0A525D001E57AF /* Game.cpp */; };
		CA80D1EF1E0A525D001E57AF /* Game.cpp in Sources */ = {isa = PBXBuildFile; fileRef = CA80D1EC1E0A525D001E57AF /* Game.cpp */; };
		CA80D1F01E0A525D001E57AF /* Game.cpp in Sources */ = {isa = PBXBuildFile; fileRef = CA80D1EC1E0A525D001E57AF /* Game.cpp */; };
		CA9C16321CC5DFE200204303 /* main.m in Sources */ = {isa = PBXBuildFile; fileRef = CA9C16311CC5DFE200204303 /* main.m */; };
		CA9C16351CC5DFE200204303 /* AppDelegate.mm in Sources */ = {isa = PBXBuildFile; fileRef = CA9C16341CC5DFE200204303 /* AppDelegate.mm */; };
		CA9C163D1CC5DFE200204303 /* Assets.xcassets in Resources */ = {isa = PBXBuildFile; fileRef = CA9C163C1CC5DFE200204303 /* Assets.xcassets */; };
		CA9C16891CC5E7D800204303 /* main.m in Sources */ = {isa = PBXBuildFile; fileRef = CA9C16881CC5E7D800204303 /* main.m */; };
		CA9C168C1CC5E7D800204303 /* AppDelegate.mm in Sources */ = {isa = PBXBuildFile; fileRef = CA9C168B1CC5E7D800204303 /* AppDelegate.mm */; };
		CA9C16941CC5E7D800204303 /* Assets.xcassets in Resources */ = {isa = PBXBuildFile; fileRef = CA9C16931CC5E7D800204303 /* Assets.xcassets */; };
		CA9C16A11CC5E94D00204303 /* AppDelegate.mm in Sources */ = {isa = PBXBuildFile; fileRef = CA9C16A01CC5E94D00204303 /* AppDelegate.mm */; };
		CA9C16A41CC5E94D00204303 /* main.m in Sources */ = {isa = PBXBuildFile; fileRef = CA9C16A31CC5E94D00204303 /* main.m */; };
		CA9C16A61CC5E94D00204303 /* Assets.xcassets in Resources */ = {isa = PBXBuildFile; fileRef = CA9C16A51CC5E94D00204303 /* Assets.xcassets */; };
		CABBD1081EDFB29C009B3C71 /* Module.cpp in Sources */ = {isa = PBXBuildFile; fileRef = CABBD1061EDFB29C009B3C71 /* Module.cpp */; };
		CABBD1091EDFB29C009B3C71 /* Module.cpp in Sources */ = {isa = PBXBuildFile; fileRef = CABBD1061EDFB29C009B3C71 /* Module.cpp */; };
		CABBD10A1EDFB29C009B3C71 /* Module.cpp in Sources */ = {isa = PBXBuildFile; fileRef = CABBD1061EDFB29C009B3C71 /* Module.cpp */; };
		CABBD1131EDFB4EF009B3C71 /* MGraphics.cpp in Sources */ = {isa = PBXBuildFile; fileRef = CABBD1111EDFB4EE009B3C71 /* MGraphics.cpp */; };
		CABBD1141EDFB4EF009B3C71 /* MGraphics.cpp in Sources */ = {isa = PBXBuildFile; fileRef = CABBD1111EDFB4EE009B3C71 /* MGraphics.cpp */; };
		CABBD1151EDFB4EF009B3C71 /* MGraphics.cpp in Sources */ = {isa = PBXBuildFile; fileRef = CABBD1111EDFB4EE009B3C71 /* MGraphics.cpp */; };
		CABBD1181EDFB96B009B3C71 /* MTypist.cpp in Sources */ = {isa = PBXBuildFile; fileRef = CABBD1161EDFB96B009B3C71 /* MTypist.cpp */; };
		CABBD1191EDFB96B009B3C71 /* MTypist.cpp in Sources */ = {isa = PBXBuildFile; fileRef = CABBD1161EDFB96B009B3C71 /* MTypist.cpp */; };
		CABBD11A1EDFB96B009B3C71 /* MTypist.cpp in Sources */ = {isa = PBXBuildFile; fileRef = CABBD1161EDFB96B009B3C71 /* MTypist.cpp */; };
		CACCBB071EDC826600535D58 /* STXINWEI.ttf in Resources */ = {isa = PBXBuildFile; fileRef = CACCBB061EDC826600535D58 /* STXINWEI.ttf */; };
		CACCBB081EDC826600535D58 /* STXINWEI.ttf in Resources */ = {isa = PBXBuildFile; fileRef = CACCBB061EDC826600535D58 /* STXINWEI.ttf */; };
		CACCBB091EDC826600535D58 /* STXINWEI.ttf in Resources */ = {isa = PBXBuildFile; fileRef = CACCBB061EDC826600535D58 /* STXINWEI.ttf */; };
		CACEDED31EA75E470010BC1E /* GXCore.a in Frameworks */ = {isa = PBXBuildFile; fileRef = CACEDEC51EA75CF90010BC1E /* GXCore.a */; };
		CACEDED41EA75E470010BC1E /* GXGame.a in Frameworks */ = {isa = PBXBuildFile; fileRef = CACEDEB91EA75CE80010BC1E /* GXGame.a */; };
		CACEDED51EA75E4F0010BC1E /* GXCore.a in Frameworks */ = {isa = PBXBuildFile; fileRef = CACEDEC71EA75CF90010BC1E /* GXCore.a */; };
		CACEDED61EA75E4F0010BC1E /* GXGame.a in Frameworks */ = {isa = PBXBuildFile; fileRef = CACEDEBB1EA75CE80010BC1E /* GXGame.a */; };
		CACEDED71EA75E550010BC1E /* GXCore.a in Frameworks */ = {isa = PBXBuildFile; fileRef = CACEDEC91EA75CF90010BC1E /* GXCore.a */; };
		CACEDED81EA75E550010BC1E /* GXGame.a in Frameworks */ = {isa = PBXBuildFile; fileRef = CACEDEBD1EA75CE80010BC1E /* GXGame.a */; };
		CAD970551EE7A38C000B600D /* MFrameBuffer.cpp in Sources */ = {isa = PBXBuildFile; fileRef = CAD970531EE7A38C000B600D /* MFrameBuffer.cpp */; };
		CAD970561EE7A38C000B600D /* MFrameBuffer.cpp in Sources */ = {isa = PBXBuildFile; fileRef = CAD970531EE7A38C000B600D /* MFrameBuffer.cpp */; };
		CAD970571EE7A38C000B600D /* MFrameBuffer.cpp in Sources */ = {isa = PBXBuildFile; fileRef = CAD970531EE7A38C000B600D /* MFrameBuffer.cpp */; };
/* End PBXBuildFile section */

/* Begin PBXContainerItemProxy section */
		CACEDEB81EA75CE80010BC1E /* PBXContainerItemProxy */ = {
			isa = PBXContainerItemProxy;
			containerPortal = CACEDEB21EA75CE80010BC1E /* GXGame.xcodeproj */;
			proxyType = 2;
			remoteGlobalIDString = CA01E75A1CBF483C004520E6;
			remoteInfo = GX_ios;
		};
		CACEDEBA1EA75CE80010BC1E /* PBXContainerItemProxy */ = {
			isa = PBXContainerItemProxy;
			containerPortal = CACEDEB21EA75CE80010BC1E /* GXGame.xcodeproj */;
			proxyType = 2;
			remoteGlobalIDString = CA01E76A1CBF50A9004520E6;
			remoteInfo = GX_atv;
		};
		CACEDEBC1EA75CE80010BC1E /* PBXContainerItemProxy */ = {
			isa = PBXContainerItemProxy;
			containerPortal = CACEDEB21EA75CE80010BC1E /* GXGame.xcodeproj */;
			proxyType = 2;
			remoteGlobalIDString = CA01E7841CBF51B9004520E6;
			remoteInfo = GX_mac;
		};
		CACEDEC41EA75CF90010BC1E /* PBXContainerItemProxy */ = {
			isa = PBXContainerItemProxy;
			containerPortal = CACEDEBE1EA75CF80010BC1E /* GXCore.xcodeproj */;
			proxyType = 2;
			remoteGlobalIDString = CA3A956A1E7A617F00CEFD8E;
			remoteInfo = GXCore_ios;
		};
		CACEDEC61EA75CF90010BC1E /* PBXContainerItemProxy */ = {
			isa = PBXContainerItemProxy;
			containerPortal = CACEDEBE1EA75CF80010BC1E /* GXCore.xcodeproj */;
			proxyType = 2;
			remoteGlobalIDString = CA3A957B1E7A631900CEFD8E;
			remoteInfo = GXCore_atv;
		};
		CACEDEC81EA75CF90010BC1E /* PBXContainerItemProxy */ = {
			isa = PBXContainerItemProxy;
			containerPortal = CACEDEBE1EA75CF80010BC1E /* GXCore.xcodeproj */;
			proxyType = 2;
			remoteGlobalIDString = CA3A95881E7A638C00CEFD8E;
			remoteInfo = GXCore_mac;
		};
/* End PBXContainerItemProxy section */

/* Begin PBXFileReference section */
		CA0113A61EE9A6CD00836A56 /* png-0029.png */ = {isa = PBXFileReference; lastKnownFileType = image.png; path = "png-0029.png"; sourceTree = "<group>"; };
		CA1F60A91CD984BB00C6307B /* AppDge.cpp */ = {isa = PBXFileReference; fileEncoding = 4; lastKnownFileType = sourcecode.cpp.cpp; path = AppDge.cpp; sourceTree = "<group>"; };
		CA1F60AA1CD984BB00C6307B /* AppDge.h */ = {isa = PBXFileReference; fileEncoding = 4; lastKnownFileType = sourcecode.c.h; path = AppDge.h; sourceTree = "<group>"; };
		CA1F60B51CD9894600C6307B /* MainMenu.xib */ = {isa = PBXFileReference; fileEncoding = 4; lastKnownFileType = file.xib; path = MainMenu.xib; sourceTree = "<group>"; };
		CA1F60C91CD99A6500C6307B /* LaunchScreen.storyboard */ = {isa = PBXFileReference; fileEncoding = 4; lastKnownFileType = file.storyboard; path = LaunchScreen.storyboard; sourceTree = "<group>"; };
		CA24E8FB1EEEE3AB004FD7AC /* MImage.cpp */ = {isa = PBXFileReference; fileEncoding = 4; lastKnownFileType = sourcecode.cpp.cpp; path = MImage.cpp; sourceTree = "<group>"; };
		CA24E8FC1EEEE3AB004FD7AC /* MImage.h */ = {isa = PBXFileReference; fileEncoding = 4; lastKnownFileType = sourcecode.c.h; path = MImage.h; sourceTree = "<group>"; };
		CA75BAD21D830D4400236109 /* lena_rgb.jpg */ = {isa = PBXFileReference; lastKnownFileType = image.jpeg; path = lena_rgb.jpg; sourceTree = "<group>"; };
		CA80D1EC1E0A525D001E57AF /* Game.cpp */ = {isa = PBXFileReference; fileEncoding = 4; lastKnownFileType = sourcecode.cpp.cpp; path = Game.cpp; sourceTree = "<group>"; };
		CA80D1ED1E0A525D001E57AF /* Game.h */ = {isa = PBXFileReference; fileEncoding = 4; lastKnownFileType = sourcecode.c.h; path = Game.h; sourceTree = "<group>"; };
		CA9C162D1CC5DFE200204303 /* GXGameTest.app */ = {isa = PBXFileReference; explicitFileType = wrapper.application; includeInIndex = 0; path = GXGameTest.app; sourceTree = BUILT_PRODUCTS_DIR; };
		CA9C16311CC5DFE200204303 /* main.m */ = {isa = PBXFileReference; lastKnownFileType = sourcecode.c.objc; path = main.m; sourceTree = "<group>"; };
		CA9C16331CC5DFE200204303 /* AppDelegate.h */ = {isa = PBXFileReference; lastKnownFileType = sourcecode.c.h; path = AppDelegate.h; sourceTree = "<group>"; };
		CA9C16341CC5DFE200204303 /* AppDelegate.mm */ = {isa = PBXFileReference; lastKnownFileType = sourcecode.cpp.objcpp; path = AppDelegate.mm; sourceTree = "<group>"; };
		CA9C163C1CC5DFE200204303 /* Assets.xcassets */ = {isa = PBXFileReference; lastKnownFileType = folder.assetcatalog; path = Assets.xcassets; sourceTree = "<group>"; };
		CA9C16411CC5DFE200204303 /* Info.plist */ = {isa = PBXFileReference; lastKnownFileType = text.plist.xml; path = Info.plist; sourceTree = "<group>"; };
		CA9C16851CC5E7D800204303 /* GXGameTest.app */ = {isa = PBXFileReference; explicitFileType = wrapper.application; includeInIndex = 0; path = GXGameTest.app; sourceTree = BUILT_PRODUCTS_DIR; };
		CA9C16881CC5E7D800204303 /* main.m */ = {isa = PBXFileReference; lastKnownFileType = sourcecode.c.objc; path = main.m; sourceTree = "<group>"; };
		CA9C168A1CC5E7D800204303 /* AppDelegate.h */ = {isa = PBXFileReference; lastKnownFileType = sourcecode.c.h; path = AppDelegate.h; sourceTree = "<group>"; };
		CA9C168B1CC5E7D800204303 /* AppDelegate.mm */ = {isa = PBXFileReference; lastKnownFileType = sourcecode.cpp.objcpp; path = AppDelegate.mm; sourceTree = "<group>"; };
		CA9C16931CC5E7D800204303 /* Assets.xcassets */ = {isa = PBXFileReference; lastKnownFileType = folder.assetcatalog; path = Assets.xcassets; sourceTree = "<group>"; };
		CA9C16951CC5E7D800204303 /* Info.plist */ = {isa = PBXFileReference; lastKnownFileType = text.plist.xml; path = Info.plist; sourceTree = "<group>"; };
		CA9C169D1CC5E94D00204303 /* GXGameTest.app */ = {isa = PBXFileReference; explicitFileType = wrapper.application; includeInIndex = 0; path = GXGameTest.app; sourceTree = BUILT_PRODUCTS_DIR; };
		CA9C169F1CC5E94D00204303 /* AppDelegate.h */ = {isa = PBXFileReference; lastKnownFileType = sourcecode.c.h; path = AppDelegate.h; sourceTree = "<group>"; };
		CA9C16A01CC5E94D00204303 /* AppDelegate.mm */ = {isa = PBXFileReference; lastKnownFileType = sourcecode.cpp.objcpp; path = AppDelegate.mm; sourceTree = "<group>"; };
		CA9C16A31CC5E94D00204303 /* main.m */ = {isa = PBXFileReference; lastKnownFileType = sourcecode.c.objc; path = main.m; sourceTree = "<group>"; };
		CA9C16A51CC5E94D00204303 /* Assets.xcassets */ = {isa = PBXFileReference; lastKnownFileType = folder.assetcatalog; path = Assets.xcassets; sourceTree = "<group>"; };
		CA9C16AA1CC5E94D00204303 /* Info.plist */ = {isa = PBXFileReference; lastKnownFileType = text.plist.xml; path = Info.plist; sourceTree = "<group>"; };
		CA9C16BF1CC5FDCB00204303 /* Config.xcconfig */ = {isa = PBXFileReference; lastKnownFileType = text.xcconfig; path = Config.xcconfig; sourceTree = "<group>"; };
		CABBD1061EDFB29C009B3C71 /* Module.cpp */ = {isa = PBXFileReference; fileEncoding = 4; lastKnownFileType = sourcecode.cpp.cpp; path = Module.cpp; sourceTree = "<group>"; };
		CABBD1071EDFB29C009B3C71 /* Module.h */ = {isa = PBXFileReference; fileEncoding = 4; lastKnownFileType = sourcecode.c.h; path = Module.h; sourceTree = "<group>"; };
		CABBD1111EDFB4EE009B3C71 /* MGraphics.cpp */ = {isa = PBXFileReference; fileEncoding = 4; lastKnownFileType = sourcecode.cpp.cpp; path = MGraphics.cpp; sourceTree = "<group>"; };
		CABBD1121EDFB4EF009B3C71 /* MGraphics.h */ = {isa = PBXFileReference; fileEncoding = 4; lastKnownFileType = sourcecode.c.h; path = MGraphics.h; sourceTree = "<group>"; };
		CABBD1161EDFB96B009B3C71 /* MTypist.cpp */ = {isa = PBXFileReference; fileEncoding = 4; lastKnownFileType = sourcecode.cpp.cpp; path = MTypist.cpp; sourceTree = "<group>"; };
		CABBD1171EDFB96B009B3C71 /* MTypist.h */ = {isa = PBXFileReference; fileEncoding = 4; lastKnownFileType = sourcecode.c.h; path = MTypist.h; sourceTree = "<group>"; };
		CACCBB061EDC826600535D58 /* STXINWEI.ttf */ = {isa = PBXFileReference; lastKnownFileType = file; path = STXINWEI.ttf; sourceTree = "<group>"; };
		CACEDEB21EA75CE80010BC1E /* GXGame.xcodeproj */ = {isa = PBXFileReference; lastKnownFileType = "wrapper.pb-project"; name = GXGame.xcodeproj; path = ../../../project/xcode/GXGame.xcodeproj; sourceTree = "<group>"; };
		CACEDEBE1EA75CF80010BC1E /* GXCore.xcodeproj */ = {isa = PBXFileReference; lastKnownFileType = "wrapper.pb-project"; name = GXCore.xcodeproj; path = ../../../../core/project/xcode/GXCore.xcodeproj; sourceTree = "<group>"; };
		CAD970531EE7A38C000B600D /* MFrameBuffer.cpp */ = {isa = PBXFileReference; fileEncoding = 4; lastKnownFileType = sourcecode.cpp.cpp; path = MFrameBuffer.cpp; sourceTree = "<group>"; };
		CAD970541EE7A38C000B600D /* MFrameBuffer.h */ = {isa = PBXFileReference; fileEncoding = 4; lastKnownFileType = sourcecode.c.h; path = MFrameBuffer.h; sourceTree = "<group>"; };
/* End PBXFileReference section */

/* Begin PBXFrameworksBuildPhase section */
		CA9C162A1CC5DFE200204303 /* Frameworks */ = {
			isa = PBXFrameworksBuildPhase;
			buildActionMask = 2147483647;
			files = (
				CACEDED31EA75E470010BC1E /* GXCore.a in Frameworks */,
				CACEDED41EA75E470010BC1E /* GXGame.a in Frameworks */,
			);
			runOnlyForDeploymentPostprocessing = 0;
		};
		CA9C16821CC5E7D800204303 /* Frameworks */ = {
			isa = PBXFrameworksBuildPhase;
			buildActionMask = 2147483647;
			files = (
				CACEDED51EA75E4F0010BC1E /* GXCore.a in Frameworks */,
				CACEDED61EA75E4F0010BC1E /* GXGame.a in Frameworks */,
			);
			runOnlyForDeploymentPostprocessing = 0;
		};
		CA9C169A1CC5E94D00204303 /* Frameworks */ = {
			isa = PBXFrameworksBuildPhase;
			buildActionMask = 2147483647;
			files = (
				CACEDED71EA75E550010BC1E /* GXCore.a in Frameworks */,
				CACEDED81EA75E550010BC1E /* GXGame.a in Frameworks */,
			);
			runOnlyForDeploymentPostprocessing = 0;
		};
/* End PBXFrameworksBuildPhase section */

/* Begin PBXGroup section */
		CA1F60A81CD984BB00C6307B /* src */ = {
			isa = PBXGroup;
			children = (
				CA1F60AA1CD984BB00C6307B /* AppDge.h */,
				CA1F60A91CD984BB00C6307B /* AppDge.cpp */,
				CA80D1ED1E0A525D001E57AF /* Game.h */,
				CA80D1EC1E0A525D001E57AF /* Game.cpp */,
				CABBD1071EDFB29C009B3C71 /* Module.h */,
				CABBD1061EDFB29C009B3C71 /* Module.cpp */,
				CABBD1121EDFB4EF009B3C71 /* MGraphics.h */,
				CABBD1111EDFB4EE009B3C71 /* MGraphics.cpp */,
				CABBD1171EDFB96B009B3C71 /* MTypist.h */,
				CABBD1161EDFB96B009B3C71 /* MTypist.cpp */,
				CAD970541EE7A38C000B600D /* MFrameBuffer.h */,
				CAD970531EE7A38C000B600D /* MFrameBuffer.cpp */,
				CA24E8FC1EEEE3AB004FD7AC /* MImage.h */,
				CA24E8FB1EEEE3AB004FD7AC /* MImage.cpp */,
			);
			name = src;
			path = ../../src;
			sourceTree = "<group>";
		};
		CA75BAD11D830D4400236109 /* assets */ = {
			isa = PBXGroup;
			children = (
				CA0113A61EE9A6CD00836A56 /* png-0029.png */,
				CACCBB061EDC826600535D58 /* STXINWEI.ttf */,
				CA75BAD21D830D4400236109 /* lena_rgb.jpg */,
			);
			name = assets;
			path = ../../assets;
			sourceTree = "<group>";
		};
		CA9C16241CC5DFE200204303 = {
			isa = PBXGroup;
			children = (
				CA9C16BF1CC5FDCB00204303 /* Config.xcconfig */,
				CA75BAD11D830D4400236109 /* assets */,
				CA1F60A81CD984BB00C6307B /* src */,
				CA9C162F1CC5DFE200204303 /* ios */,
				CA9C16861CC5E7D800204303 /* atv */,
				CA9C169E1CC5E94D00204303 /* mac */,
				CA9C16471CC5E00100204303 /* Frameworks */,
				CA9C162E1CC5DFE200204303 /* Products */,
			);
			sourceTree = "<group>";
		};
		CA9C162E1CC5DFE200204303 /* Products */ = {
			isa = PBXGroup;
			children = (
				CA9C162D1CC5DFE200204303 /* GXGameTest.app */,
				CA9C16851CC5E7D800204303 /* GXGameTest.app */,
				CA9C169D1CC5E94D00204303 /* GXGameTest.app */,
			);
			name = Products;
			sourceTree = "<group>";
		};
		CA9C162F1CC5DFE200204303 /* ios */ = {
			isa = PBXGroup;
			children = (
				CA9C16331CC5DFE200204303 /* AppDelegate.h */,
				CA9C16341CC5DFE200204303 /* AppDelegate.mm */,
				CA9C16301CC5DFE200204303 /* Supporting Files */,
			);
			path = ios;
			sourceTree = "<group>";
		};
		CA9C16301CC5DFE200204303 /* Supporting Files */ = {
			isa = PBXGroup;
			children = (
				CA9C16311CC5DFE200204303 /* main.m */,
				CA9C16411CC5DFE200204303 /* Info.plist */,
				CA9C163C1CC5DFE200204303 /* Assets.xcassets */,
				CA1F60C91CD99A6500C6307B /* LaunchScreen.storyboard */,
			);
			name = "Supporting Files";
			sourceTree = "<group>";
		};
		CA9C16471CC5E00100204303 /* Frameworks */ = {
			isa = PBXGroup;
			children = (
				CACEDEBE1EA75CF80010BC1E /* GXCore.xcodeproj */,
				CACEDEB21EA75CE80010BC1E /* GXGame.xcodeproj */,
			);
			name = Frameworks;
			sourceTree = "<group>";
		};
		CA9C16861CC5E7D800204303 /* atv */ = {
			isa = PBXGroup;
			children = (
				CA9C168A1CC5E7D800204303 /* AppDelegate.h */,
				CA9C168B1CC5E7D800204303 /* AppDelegate.mm */,
				CA9C16931CC5E7D800204303 /* Assets.xcassets */,
				CA9C16951CC5E7D800204303 /* Info.plist */,
				CA9C16871CC5E7D800204303 /* Supporting Files */,
			);
			path = atv;
			sourceTree = "<group>";
		};
		CA9C16871CC5E7D800204303 /* Supporting Files */ = {
			isa = PBXGroup;
			children = (
				CA9C16881CC5E7D800204303 /* main.m */,
			);
			name = "Supporting Files";
			sourceTree = "<group>";
		};
		CA9C169E1CC5E94D00204303 /* mac */ = {
			isa = PBXGroup;
			children = (
				CA9C169F1CC5E94D00204303 /* AppDelegate.h */,
				CA9C16A01CC5E94D00204303 /* AppDelegate.mm */,
				CA9C16A51CC5E94D00204303 /* Assets.xcassets */,
				CA9C16AA1CC5E94D00204303 /* Info.plist */,
				CA9C16A21CC5E94D00204303 /* Supporting Files */,
			);
			path = mac;
			sourceTree = "<group>";
		};
		CA9C16A21CC5E94D00204303 /* Supporting Files */ = {
			isa = PBXGroup;
			children = (
				CA1F60B51CD9894600C6307B /* MainMenu.xib */,
				CA9C16A31CC5E94D00204303 /* main.m */,
			);
			name = "Supporting Files";
			sourceTree = "<group>";
		};
		CACEDEB31EA75CE80010BC1E /* Products */ = {
			isa = PBXGroup;
			children = (
				CACEDEB91EA75CE80010BC1E /* GXGame.a */,
				CACEDEBB1EA75CE80010BC1E /* GXGame.a */,
				CACEDEBD1EA75CE80010BC1E /* GXGame.a */,
			);
			name = Products;
			sourceTree = "<group>";
		};
		CACEDEBF1EA75CF80010BC1E /* Products */ = {
			isa = PBXGroup;
			children = (
				CACEDEC51EA75CF90010BC1E /* GXCore.a */,
				CACEDEC71EA75CF90010BC1E /* GXCore.a */,
				CACEDEC91EA75CF90010BC1E /* GXCore.a */,
			);
			name = Products;
			sourceTree = "<group>";
		};
/* End PBXGroup section */

/* Begin PBXNativeTarget section */
		CA9C162C1CC5DFE200204303 /* GXGameTest_ios */ = {
			isa = PBXNativeTarget;
			buildConfigurationList = CA9C16441CC5DFE200204303 /* Build configuration list for PBXNativeTarget "GXGameTest_ios" */;
			buildPhases = (
				CA9C16291CC5DFE200204303 /* Sources */,
				CA9C162A1CC5DFE200204303 /* Frameworks */,
				CA9C162B1CC5DFE200204303 /* Resources */,
			);
			buildRules = (
			);
			dependencies = (
			);
			name = GXGameTest_ios;
			productName = GXTest;
			productReference = CA9C162D1CC5DFE200204303 /* GXGameTest.app */;
			productType = "com.apple.product-type.application";
		};
		CA9C16841CC5E7D800204303 /* GXGameTest_atv */ = {
			isa = PBXNativeTarget;
			buildConfigurationList = CA9C16961CC5E7D800204303 /* Build configuration list for PBXNativeTarget "GXGameTest_atv" */;
			buildPhases = (
				CA9C16811CC5E7D800204303 /* Sources */,
				CA9C16821CC5E7D800204303 /* Frameworks */,
				CA9C16831CC5E7D800204303 /* Resources */,
			);
			buildRules = (
			);
			dependencies = (
			);
			name = GXGameTest_atv;
			productName = GXTest;
			productReference = CA9C16851CC5E7D800204303 /* GXGameTest.app */;
			productType = "com.apple.product-type.application";
		};
		CA9C169C1CC5E94D00204303 /* GXGameTest_mac */ = {
			isa = PBXNativeTarget;
			buildConfigurationList = CA9C16AB1CC5E94D00204303 /* Build configuration list for PBXNativeTarget "GXGameTest_mac" */;
			buildPhases = (
				CA9C16991CC5E94D00204303 /* Sources */,
				CA9C169A1CC5E94D00204303 /* Frameworks */,
				CA9C169B1CC5E94D00204303 /* Resources */,
			);
			buildRules = (
			);
			dependencies = (
			);
			name = GXGameTest_mac;
			productName = GXTest;
			productReference = CA9C169D1CC5E94D00204303 /* GXGameTest.app */;
			productType = "com.apple.product-type.application";
		};
/* End PBXNativeTarget section */

/* Begin PBXProject section */
		CA9C16251CC5DFE200204303 /* Project object */ = {
			isa = PBXProject;
			attributes = {
				LastUpgradeCheck = 0800;
				ORGANIZATIONNAME = "Gengxin Gu";
				TargetAttributes = {
					CA9C162C1CC5DFE200204303 = {
						CreatedOnToolsVersion = 7.3;
						DevelopmentTeam = YS4H72RSCW;
						ProvisioningStyle = Manual;
					};
					CA9C16841CC5E7D800204303 = {
						CreatedOnToolsVersion = 7.3;
						ProvisioningStyle = Manual;
					};
					CA9C169C1CC5E94D00204303 = {
						CreatedOnToolsVersion = 7.3;
					};
				};
			};
			buildConfigurationList = CA9C16281CC5DFE200204303 /* Build configuration list for PBXProject "GXGameTest" */;
			compatibilityVersion = "Xcode 3.2";
			developmentRegion = English;
			hasScannedForEncodings = 0;
			knownRegions = (
				en,
			);
			mainGroup = CA9C16241CC5DFE200204303;
			productRefGroup = CA9C162E1CC5DFE200204303 /* Products */;
			projectDirPath = "";
			projectReferences = (
				{
					ProductGroup = CACEDEBF1EA75CF80010BC1E /* Products */;
					ProjectRef = CACEDEBE1EA75CF80010BC1E /* GXCore.xcodeproj */;
				},
				{
					ProductGroup = CACEDEB31EA75CE80010BC1E /* Products */;
					ProjectRef = CACEDEB21EA75CE80010BC1E /* GXGame.xcodeproj */;
				},
			);
			projectRoot = "";
			targets = (
				CA9C162C1CC5DFE200204303 /* GXGameTest_ios */,
				CA9C16841CC5E7D800204303 /* GXGameTest_atv */,
				CA9C169C1CC5E94D00204303 /* GXGameTest_mac */,
			);
		};
/* End PBXProject section */

/* Begin PBXReferenceProxy section */
		CACEDEB91EA75CE80010BC1E /* GXGame.a */ = {
			isa = PBXReferenceProxy;
			fileType = archive.ar;
			path = GXGame.a;
			remoteRef = CACEDEB81EA75CE80010BC1E /* PBXContainerItemProxy */;
			sourceTree = BUILT_PRODUCTS_DIR;
		};
		CACEDEBB1EA75CE80010BC1E /* GXGame.a */ = {
			isa = PBXReferenceProxy;
			fileType = archive.ar;
			path = GXGame.a;
			remoteRef = CACEDEBA1EA75CE80010BC1E /* PBXContainerItemProxy */;
			sourceTree = BUILT_PRODUCTS_DIR;
		};
		CACEDEBD1EA75CE80010BC1E /* GXGame.a */ = {
			isa = PBXReferenceProxy;
			fileType = archive.ar;
			path = GXGame.a;
			remoteRef = CACEDEBC1EA75CE80010BC1E /* PBXContainerItemProxy */;
			sourceTree = BUILT_PRODUCTS_DIR;
		};
		CACEDEC51EA75CF90010BC1E /* GXCore.a */ = {
			isa = PBXReferenceProxy;
			fileType = archive.ar;
			path = GXCore.a;
			remoteRef = CACEDEC41EA75CF90010BC1E /* PBXContainerItemProxy */;
			sourceTree = BUILT_PRODUCTS_DIR;
		};
		CACEDEC71EA75CF90010BC1E /* GXCore.a */ = {
			isa = PBXReferenceProxy;
			fileType = archive.ar;
			path = GXCore.a;
			remoteRef = CACEDEC61EA75CF90010BC1E /* PBXContainerItemProxy */;
			sourceTree = BUILT_PRODUCTS_DIR;
		};
		CACEDEC91EA75CF90010BC1E /* GXCore.a */ = {
			isa = PBXReferenceProxy;
			fileType = archive.ar;
			path = GXCore.a;
			remoteRef = CACEDEC81EA75CF90010BC1E /* PBXContainerItemProxy */;
			sourceTree = BUILT_PRODUCTS_DIR;
		};
/* End PBXReferenceProxy section */

/* Begin PBXResourcesBuildPhase section */
		CA9C162B1CC5DFE200204303 /* Resources */ = {
			isa = PBXResourcesBuildPhase;
			buildActionMask = 2147483647;
			files = (
				CA0113A71EE9A6CD00836A56 /* png-0029.png in Resources */,
				CA9C163D1CC5DFE200204303 /* Assets.xcassets in Resources */,
				CA75BAD31D830D4400236109 /* lena_rgb.jpg in Resources */,
				CA1F60CA1CD99A6500C6307B /* LaunchScreen.storyboard in Resources */,
				CACCBB071EDC826600535D58 /* STXINWEI.ttf in Resources */,
			);
			runOnlyForDeploymentPostprocessing = 0;
		};
		CA9C16831CC5E7D800204303 /* Resources */ = {
			isa = PBXResourcesBuildPhase;
			buildActionMask = 2147483647;
			files = (
				CA0113A81EE9A6CD00836A56 /* png-0029.png in Resources */,
				CA9C16941CC5E7D800204303 /* Assets.xcassets in Resources */,
				CA75BAD41D830D4400236109 /* lena_rgb.jpg in Resources */,
				CACCBB081EDC826600535D58 /* STXINWEI.ttf in Resources */,
			);
			runOnlyForDeploymentPostprocessing = 0;
		};
		CA9C169B1CC5E94D00204303 /* Resources */ = {
			isa = PBXResourcesBuildPhase;
			buildActionMask = 2147483647;
			files = (
				CA0113A91EE9A6CD00836A56 /* png-0029.png in Resources */,
				CA9C16A61CC5E94D00204303 /* Assets.xcassets in Resources */,
				CA75BAD51D830D4400236109 /* lena_rgb.jpg in Resources */,
				CA1F60B81CD9894600C6307B /* MainMenu.xib in Resources */,
				CACCBB091EDC826600535D58 /* STXINWEI.ttf in Resources */,
			);
			runOnlyForDeploymentPostprocessing = 0;
		};
/* End PBXResourcesBuildPhase section */

/* Begin PBXSourcesBuildPhase section */
		CA9C16291CC5DFE200204303 /* Sources */ = {
			isa = PBXSourcesBuildPhase;
			buildActionMask = 2147483647;
			files = (
				CABBD1181EDFB96B009B3C71 /* MTypist.cpp in Sources */,
				CAD970551EE7A38C000B600D /* MFrameBuffer.cpp in Sources */,
				CA9C16351CC5DFE200204303 /* AppDelegate.mm in Sources */,
				CA9C16321CC5DFE200204303 /* main.m in Sources */,
				CABBD1081EDFB29C009B3C71 /* Module.cpp in Sources */,
				CA24E8FD1EEEE3AB004FD7AC /* MImage.cpp in Sources */,
				CA1F60AB1CD984BB00C6307B /* AppDge.cpp in Sources */,
				CABBD1131EDFB4EF009B3C71 /* MGraphics.cpp in Sources */,
				CA80D1EE1E0A525D001E57AF /* Game.cpp in Sources */,
			);
			runOnlyForDeploymentPostprocessing = 0;
		};
		CA9C16811CC5E7D800204303 /* Sources */ = {
			isa = PBXSourcesBuildPhase;
			buildActionMask = 2147483647;
			files = (
				CABBD1191EDFB96B009B3C71 /* MTypist.cpp in Sources */,
				CAD970561EE7A38C000B600D /* MFrameBuffer.cpp in Sources */,
				CA9C168C1CC5E7D800204303 /* AppDelegate.mm in Sources */,
				CA9C16891CC5E7D800204303 /* main.m in Sources */,
				CABBD1091EDFB29C009B3C71 /* Module.cpp in Sources */,
				CA24E8FE1EEEE3AB004FD7AC /* MImage.cpp in Sources */,
				CA1F60AC1CD984BB00C6307B /* AppDge.cpp in Sources */,
				CABBD1141EDFB4EF009B3C71 /* MGraphics.cpp in Sources */,
				CA80D1EF1E0A525D001E57AF /* Game.cpp in Sources */,
			);
			runOnlyForDeploymentPostprocessing = 0;
		};
		CA9C16991CC5E94D00204303 /* Sources */ = {
			isa = PBXSourcesBuildPhase;
			buildActionMask = 2147483647;
			files = (
				CABBD11A1EDFB96B009B3C71 /* MTypist.cpp in Sources */,
				CAD970571EE7A38C000B600D /* MFrameBuffer.cpp in Sources */,
				CA9C16A41CC5E94D00204303 /* main.m in Sources */,
				CA9C16A11CC5E94D00204303 /* AppDelegate.mm in Sources */,
				CABBD10A1EDFB29C009B3C71 /* Module.cpp in Sources */,
				CA24E8FF1EEEE3AB004FD7AC /* MImage.cpp in Sources */,
				CA1F60AD1CD984BB00C6307B /* AppDge.cpp in Sources */,
				CABBD1151EDFB4EF009B3C71 /* MGraphics.cpp in Sources */,
				CA80D1F01E0A525D001E57AF /* Game.cpp in Sources */,
			);
			runOnlyForDeploymentPostprocessing = 0;
		};
/* End PBXSourcesBuildPhase section */

/* Begin XCBuildConfiguration section */
		CA9C16421CC5DFE200204303 /* Debug */ = {
			isa = XCBuildConfiguration;
			baseConfigurationReference = CA9C16BF1CC5FDCB00204303 /* Config.xcconfig */;
			buildSettings = {
				ALWAYS_SEARCH_USER_PATHS = NO;
				CLANG_ANALYZER_NONNULL = YES;
				CLANG_CXX_LANGUAGE_STANDARD = "gnu++0x";
				CLANG_CXX_LIBRARY = "libc++";
				CLANG_ENABLE_MODULES = YES;
				CLANG_WARN_BOOL_CONVERSION = YES;
				CLANG_WARN_CONSTANT_CONVERSION = YES;
				CLANG_WARN_DIRECT_OBJC_ISA_USAGE = YES_ERROR;
				CLANG_WARN_EMPTY_BODY = YES;
				CLANG_WARN_ENUM_CONVERSION = YES;
				CLANG_WARN_INFINITE_RECURSION = YES;
				CLANG_WARN_INT_CONVERSION = YES;
				CLANG_WARN_OBJC_ROOT_CLASS = YES_ERROR;
				CLANG_WARN_SUSPICIOUS_MOVE = YES;
				CLANG_WARN_UNREACHABLE_CODE = YES;
				CLANG_WARN__DUPLICATE_METHOD_MATCH = YES;
				"CODE_SIGN_IDENTITY[sdk=iphoneos*]" = "iPhone Developer";
				COPY_PHASE_STRIP = NO;
				DEBUG_INFORMATION_FORMAT = dwarf;
				ENABLE_STRICT_OBJC_MSGSEND = YES;
				ENABLE_TESTABILITY = YES;
				GCC_C_LANGUAGE_STANDARD = gnu99;
				GCC_DYNAMIC_NO_PIC = NO;
				GCC_NO_COMMON_BLOCKS = YES;
				GCC_OPTIMIZATION_LEVEL = 0;
				GCC_PREPROCESSOR_DEFINITIONS = (
					"DEBUG=1",
					"$(inherited)",
				);
				GCC_WARN_64_TO_32_BIT_CONVERSION = YES;
				GCC_WARN_ABOUT_RETURN_TYPE = YES_ERROR;
				GCC_WARN_UNDECLARED_SELECTOR = YES;
				GCC_WARN_UNINITIALIZED_AUTOS = YES_AGGRESSIVE;
				GCC_WARN_UNUSED_FUNCTION = YES;
				GCC_WARN_UNUSED_VARIABLE = YES;
				IPHONEOS_DEPLOYMENT_TARGET = 8.0;
				MACOSX_DEPLOYMENT_TARGET = 10.9;
				MTL_ENABLE_DEBUG_INFO = YES;
				ONLY_ACTIVE_ARCH = YES;
				PRODUCT_NAME = "$(PROJECT_NAME)";
				SDKROOT = iphoneos;
				TARGETED_DEVICE_FAMILY = "1,2";
				TVOS_DEPLOYMENT_TARGET = 9.0;
				WATCHOS_DEPLOYMENT_TARGET = 2.0;
			};
			name = Debug;
		};
		CA9C16431CC5DFE200204303 /* Release */ = {
			isa = XCBuildConfiguration;
			baseConfigurationReference = CA9C16BF1CC5FDCB00204303 /* Config.xcconfig */;
			buildSettings = {
				ALWAYS_SEARCH_USER_PATHS = NO;
				CLANG_ANALYZER_NONNULL = YES;
				CLANG_CXX_LANGUAGE_STANDARD = "gnu++0x";
				CLANG_CXX_LIBRARY = "libc++";
				CLANG_ENABLE_MODULES = YES;
				CLANG_WARN_BOOL_CONVERSION = YES;
				CLANG_WARN_CONSTANT_CONVERSION = YES;
				CLANG_WARN_DIRECT_OBJC_ISA_USAGE = YES_ERROR;
				CLANG_WARN_EMPTY_BODY = YES;
				CLANG_WARN_ENUM_CONVERSION = YES;
				CLANG_WARN_INFINITE_RECURSION = YES;
				CLANG_WARN_INT_CONVERSION = YES;
				CLANG_WARN_OBJC_ROOT_CLASS = YES_ERROR;
				CLANG_WARN_SUSPICIOUS_MOVE = YES;
				CLANG_WARN_UNREACHABLE_CODE = YES;
				CLANG_WARN__DUPLICATE_METHOD_MATCH = YES;
				"CODE_SIGN_IDENTITY[sdk=iphoneos*]" = "iPhone Developer";
				COPY_PHASE_STRIP = NO;
				DEBUG_INFORMATION_FORMAT = "dwarf-with-dsym";
				ENABLE_NS_ASSERTIONS = NO;
				ENABLE_STRICT_OBJC_MSGSEND = YES;
				GCC_C_LANGUAGE_STANDARD = gnu99;
				GCC_NO_COMMON_BLOCKS = YES;
				GCC_WARN_64_TO_32_BIT_CONVERSION = YES;
				GCC_WARN_ABOUT_RETURN_TYPE = YES_ERROR;
				GCC_WARN_UNDECLARED_SELECTOR = YES;
				GCC_WARN_UNINITIALIZED_AUTOS = YES_AGGRESSIVE;
				GCC_WARN_UNUSED_FUNCTION = YES;
				GCC_WARN_UNUSED_VARIABLE = YES;
				IPHONEOS_DEPLOYMENT_TARGET = 8.0;
				MACOSX_DEPLOYMENT_TARGET = 10.9;
				MTL_ENABLE_DEBUG_INFO = NO;
				PRODUCT_NAME = "$(PROJECT_NAME)";
				SDKROOT = iphoneos;
				TARGETED_DEVICE_FAMILY = "1,2";
				TVOS_DEPLOYMENT_TARGET = 9.0;
				VALIDATE_PRODUCT = YES;
				WATCHOS_DEPLOYMENT_TARGET = 2.0;
			};
			name = Release;
		};
		CA9C16451CC5DFE200204303 /* Debug */ = {
			isa = XCBuildConfiguration;
			buildSettings = {
				ASSETCATALOG_COMPILER_APPICON_NAME = AppIcon;
				ASSETCATALOG_COMPILER_LAUNCHIMAGE_NAME = LaunchImage;
				"CODE_SIGN_IDENTITY[sdk=iphoneos*]" = "iPhone Developer";
				DEVELOPMENT_TEAM = YS4H72RSCW;
				INFOPLIST_FILE = "$(SRCROOT)/ios/Info.plist";
				LD_RUNPATH_SEARCH_PATHS = "$(inherited) @executable_path/Frameworks";
				PRODUCT_BUNDLE_IDENTIFIER = com.gxengine.GXGameTest;
				PROVISIONING_PROFILE = "db714bbc-f207-4e03-898b-d94818c00ef1";
				PROVISIONING_PROFILE_SPECIFIER = CommonDEV;
			};
			name = Debug;
		};
		CA9C16461CC5DFE200204303 /* Release */ = {
			isa = XCBuildConfiguration;
			buildSettings = {
				ASSETCATALOG_COMPILER_APPICON_NAME = AppIcon;
				ASSETCATALOG_COMPILER_LAUNCHIMAGE_NAME = LaunchImage;
				DEVELOPMENT_TEAM = YS4H72RSCW;
				INFOPLIST_FILE = "$(SRCROOT)/ios/Info.plist";
				LD_RUNPATH_SEARCH_PATHS = "$(inherited) @executable_path/Frameworks";
				PRODUCT_BUNDLE_IDENTIFIER = com.gxengine.GXGameTest;
				PROVISIONING_PROFILE = "db714bbc-f207-4e03-898b-d94818c00ef1";
				PROVISIONING_PROFILE_SPECIFIER = CommonDEV;
			};
			name = Release;
		};
		CA9C16971CC5E7D800204303 /* Debug */ = {
			isa = XCBuildConfiguration;
			buildSettings = {
				ASSETCATALOG_COMPILER_APPICON_NAME = "App Icon & Top Shelf Image";
				ASSETCATALOG_COMPILER_LAUNCHIMAGE_NAME = LaunchImage;
				DEVELOPMENT_TEAM = "";
				INFOPLIST_FILE = "$(SRCROOT)/atv/Info.plist";
				LD_RUNPATH_SEARCH_PATHS = "$(inherited) @executable_path/Frameworks";
				PRODUCT_BUNDLE_IDENTIFIER = com.gxengine.GXGameTest;
				SDKROOT = appletvos;
				TARGETED_DEVICE_FAMILY = 3;
			};
			name = Debug;
		};
		CA9C16981CC5E7D800204303 /* Release */ = {
			isa = XCBuildConfiguration;
			buildSettings = {
				ASSETCATALOG_COMPILER_APPICON_NAME = "App Icon & Top Shelf Image";
				ASSETCATALOG_COMPILER_LAUNCHIMAGE_NAME = LaunchImage;
				DEVELOPMENT_TEAM = "";
				INFOPLIST_FILE = "$(SRCROOT)/atv/Info.plist";
				LD_RUNPATH_SEARCH_PATHS = "$(inherited) @executable_path/Frameworks";
				PRODUCT_BUNDLE_IDENTIFIER = com.gxengine.GXGameTest;
				SDKROOT = appletvos;
				TARGETED_DEVICE_FAMILY = 3;
			};
			name = Release;
		};
		CA9C16AC1CC5E94D00204303 /* Debug */ = {
			isa = XCBuildConfiguration;
			buildSettings = {
				ASSETCATALOG_COMPILER_APPICON_NAME = AppIcon;
				CODE_SIGN_IDENTITY = "-";
				COMBINE_HIDPI_IMAGES = YES;
				INFOPLIST_FILE = "$(SRCROOT)/mac/Info.plist";
				LD_RUNPATH_SEARCH_PATHS = "$(inherited) @executable_path/../Frameworks";
				PRODUCT_BUNDLE_IDENTIFIER = com.gxengine.GXGameTest;
				SDKROOT = macosx;
			};
			name = Debug;
		};
		CA9C16AD1CC5E94D00204303 /* Release */ = {
			isa = XCBuildConfiguration;
			buildSettings = {
				ASSETCATALOG_COMPILER_APPICON_NAME = AppIcon;
				CODE_SIGN_IDENTITY = "-";
				COMBINE_HIDPI_IMAGES = YES;
				INFOPLIST_FILE = "$(SRCROOT)/mac/Info.plist";
				LD_RUNPATH_SEARCH_PATHS = "$(inherited) @executable_path/../Frameworks";
				PRODUCT_BUNDLE_IDENTIFIER = com.gxengine.GXGameTest;
				SDKROOT = macosx;
			};
			name = Release;
		};
/* End XCBuildConfiguration section */

/* Begin XCConfigurationList section */
		CA9C16281CC5DFE200204303 /* Build configuration list for PBXProject "GXGameTest" */ = {
			isa = XCConfigurationList;
			buildConfigurations = (
				CA9C16421CC5DFE200204303 /* Debug */,
				CA9C16431CC5DFE200204303 /* Release */,
			);
			defaultConfigurationIsVisible = 0;
			defaultConfigurationName = Release;
		};
		CA9C16441CC5DFE200204303 /* Build configuration list for PBXNativeTarget "GXGameTest_ios" */ = {
			isa = XCConfigurationList;
			buildConfigurations = (
				CA9C16451CC5DFE200204303 /* Debug */,
				CA9C16461CC5DFE200204303 /* Release */,
			);
			defaultConfigurationIsVisible = 0;
			defaultConfigurationName = Release;
		};
		CA9C16961CC5E7D800204303 /* Build configuration list for PBXNativeTarget "GXGameTest_atv" */ = {
			isa = XCConfigurationList;
			buildConfigurations = (
				CA9C16971CC5E7D800204303 /* Debug */,
				CA9C16981CC5E7D800204303 /* Release */,
			);
			defaultConfigurationIsVisible = 0;
			defaultConfigurationName = Release;
		};
		CA9C16AB1CC5E94D00204303 /* Build configuration list for PBXNativeTarget "GXGameTest_mac" */ = {
			isa = XCConfigurationList;
			buildConfigurations = (
				CA9C16AC1CC5E94D00204303 /* Debug */,
				CA9C16AD1CC5E94D00204303 /* Release */,
			);
			defaultConfigurationIsVisible = 0;
			defaultConfigurationName = Release;
		};
/* End XCConfigurationList section */
	};
	rootObject = CA9C16251CC5DFE200204303 /* Project object */;
}
