<?xml version="1.0" encoding="utf-8"?>
<Project ToolsVersion="4.0" xmlns="http://schemas.microsoft.com/developer/msbuild/2003">
  <ItemGroup>
    <Filter Include="src">
      <UniqueIdentifier>{89a005bb-bc45-49c7-bba6-10357092b25d}</UniqueIdentifier>
    </Filter>
    <Filter Include="src\glew">
      <UniqueIdentifier>{4df46faf-0767-4919-b733-6fea9e6e1000}</UniqueIdentifier>
    </Filter>
    <Filter Include="src\unuse">
      <UniqueIdentifier>{7ba16c4b-56af-443a-8699-9025876bb37e}</UniqueIdentifier>
    </Filter>
    <Filter Include="src\context">
      <UniqueIdentifier>{44c79e99-2c2e-40f9-acc7-db7601f61583}</UniqueIdentifier>
    </Filter>
    <Filter Include="src\obj">
      <UniqueIdentifier>{e1d56523-488b-4cdb-930b-7b00d754976e}</UniqueIdentifier>
    </Filter>
    <Filter Include="src\shader">
      <UniqueIdentifier>{471cafce-19c8-40e2-b920-eb29aca12a90}</UniqueIdentifier>
    </Filter>
    <Filter Include="src\buffer">
      <UniqueIdentifier>{0299fb03-aca0-446c-b3c5-58df8196d46a}</UniqueIdentifier>
    </Filter>
  </ItemGroup>
  <ItemGroup>
    <ClCompile Include="..\..\src\GGame.cpp">
      <Filter>src</Filter>
    </ClCompile>
    <ClCompile Include="..\..\src\GTexture.cpp">
      <Filter>src</Filter>
    </ClCompile>
    <ClCompile Include="..\..\src\GTexture2D.cpp">
      <Filter>src</Filter>
    </ClCompile>
    <ClCompile Include="..\..\src\GWindow.cpp">
      <Filter>src</Filter>
    </ClCompile>
    <ClCompile Include="..\..\src\glew.c">
      <Filter>src\glew</Filter>
    </ClCompile>
    <ClCompile Include="..\..\src\GAndroidActivity.cpp">
      <Filter>src\unuse</Filter>
    </ClCompile>
    <ClCompile Include="..\..\src\GAndroidDaydream.cpp">
      <Filter>src\unuse</Filter>
    </ClCompile>
    <ClCompile Include="..\..\src\GAndroidEntrance.cpp">
      <Filter>src\unuse</Filter>
    </ClCompile>
    <ClCompile Include="..\..\src\GCanvas.cpp">
      <Filter>src\context</Filter>
    </ClCompile>
    <ClCompile Include="..\..\src\GContext.cpp">
      <Filter>src\context</Filter>
    </ClCompile>
    <ClCompile Include="..\..\src\GD3DContext.cpp">
      <Filter>src\context</Filter>
    </ClCompile>
    <ClCompile Include="..\..\src\GFrameBuffer.cpp">
      <Filter>src\context</Filter>
    </ClCompile>
    <ClCompile Include="..\..\src\GMTLContext.cpp">
      <Filter>src\context</Filter>
    </ClCompile>
    <ClCompile Include="..\..\src\GOGLContext.cpp">
      <Filter>src\context</Filter>
    </ClCompile>
    <ClCompile Include="..\..\src\GXDirectX.cpp">
      <Filter>src\context</Filter>
    </ClCompile>
    <ClCompile Include="..\..\src\GXMetal.cpp">
      <Filter>src\context</Filter>
    </ClCompile>
    <ClCompile Include="..\..\src\GXOpenGL.cpp">
      <Filter>src\context</Filter>
    </ClCompile>
    <ClCompile Include="..\..\src\GX3DAPI.cpp">
      <Filter>src\context</Filter>
    </ClCompile>
    <ClCompile Include="..\..\src\GBaseContext.cpp">
      <Filter>src\context</Filter>
    </ClCompile>
    <ClCompile Include="..\..\src\GSRGraphics.cpp">
      <Filter>src\shader</Filter>
    </ClCompile>
    <ClCompile Include="..\..\src\GSRTexture2D.cpp">
      <Filter>src\shader</Filter>
    </ClCompile>
    <ClCompile Include="..\..\src\GShader.cpp">
      <Filter>src\shader</Filter>
    </ClCompile>
    <ClCompile Include="..\..\src\GOShader.cpp">
      <Filter>src\shader</Filter>
    </ClCompile>
    <ClCompile Include="..\..\src\GMShader.cpp">
      <Filter>src\shader</Filter>
    </ClCompile>
    <ClCompile Include="..\..\src\GDShader.cpp">
      <Filter>src\shader</Filter>
    </ClCompile>
    <ClCompile Include="..\..\src\GBuffer.cpp">
      <Filter>src\buffer</Filter>
    </ClCompile>
    <ClCompile Include="..\..\src\GIndexBuffer.cpp">
      <Filter>src\buffer</Filter>
    </ClCompile>
    <ClCompile Include="..\..\src\GTex2DFont.cpp">
      <Filter>src</Filter>
    </ClCompile>
    <ClCompile Include="..\..\src\GGameResManager.cpp">
      <Filter>src</Filter>
    </ClCompile>
    <ClCompile Include="..\..\src\GTexture1D.cpp">
      <Filter>src</Filter>
    </ClCompile>
    <ClCompile Include="..\..\src\GTextureCube.cpp">
      <Filter>src</Filter>
    </ClCompile>
  </ItemGroup>
  <ItemGroup>
    <ClInclude Include="..\..\src\GGame.h">
      <Filter>src</Filter>
    </ClInclude>
    <ClInclude Include="..\..\src\GTexture.h">
      <Filter>src</Filter>
    </ClInclude>
    <ClInclude Include="..\..\src\GTexture2D.h">
      <Filter>src</Filter>
    </ClInclude>
    <ClInclude Include="..\..\src\GWindow.h">
      <Filter>src</Filter>
    </ClInclude>
    <ClInclude Include="..\..\src\GXGame.h">
      <Filter>src</Filter>
    </ClInclude>
    <ClInclude Include="..\..\src\GL\eglew.h">
      <Filter>src\glew</Filter>
    </ClInclude>
    <ClInclude Include="..\..\src\GL\glew.h">
      <Filter>src\glew</Filter>
    </ClInclude>
    <ClInclude Include="..\..\src\GL\glxew.h">
      <Filter>src\glew</Filter>
    </ClInclude>
    <ClInclude Include="..\..\src\GL\wglew.h">
      <Filter>src\glew</Filter>
    </ClInclude>
    <ClInclude Include="..\..\src\com_gxengine_game_GAndroidActivity.h">
      <Filter>src\unuse</Filter>
    </ClInclude>
    <ClInclude Include="..\..\src\com_gxengine_game_GAndroidDaydream.h">
      <Filter>src\unuse</Filter>
    </ClInclude>
    <ClInclude Include="..\..\src\GAndroidActivity.h">
      <Filter>src\unuse</Filter>
    </ClInclude>
    <ClInclude Include="..\..\src\GAndroidDaydream.h">
      <Filter>src\unuse</Filter>
    </ClInclude>
    <ClInclude Include="..\..\src\GAndroidEntrance.h">
      <Filter>src\unuse</Filter>
    </ClInclude>
    <ClInclude Include="..\..\src\GCanvas.h">
      <Filter>src\context</Filter>
    </ClInclude>
    <ClInclude Include="..\..\src\GContext.h">
      <Filter>src\context</Filter>
    </ClInclude>
    <ClInclude Include="..\..\src\GD3DContext.h">
      <Filter>src\context</Filter>
    </ClInclude>
    <ClInclude Include="..\..\src\GFrameBuffer.h">
      <Filter>src\context</Filter>
    </ClInclude>
    <ClInclude Include="..\..\src\GMTLContext.h">
      <Filter>src\context</Filter>
    </ClInclude>
    <ClInclude Include="..\..\src\GOGLContext.h">
      <Filter>src\context</Filter>
    </ClInclude>
    <ClInclude Include="..\..\src\GXDirectX.h">
      <Filter>src\context</Filter>
    </ClInclude>
    <ClInclude Include="..\..\src\GXMetal.h">
      <Filter>src\context</Filter>
    </ClInclude>
    <ClInclude Include="..\..\src\GXOpenGL.h">
      <Filter>src\context</Filter>
    </ClInclude>
    <ClInclude Include="..\..\src\GX3DAPIType.h">
      <Filter>src\context</Filter>
    </ClInclude>
    <ClInclude Include="..\..\src\GX3DAPI.h">
      <Filter>src\context</Filter>
    </ClInclude>
    <ClInclude Include="..\..\src\GX3DAPIPre.h">
      <Filter>src\context</Filter>
    </ClInclude>
    <ClInclude Include="..\..\src\GBaseContext.h">
      <Filter>src\context</Filter>
    </ClInclude>
    <ClInclude Include="..\..\src\GShader.h">
      <Filter>src\shader</Filter>
    </ClInclude>
    <ClInclude Include="..\..\src\GSRGraphics.h">
      <Filter>src\shader</Filter>
    </ClInclude>
    <ClInclude Include="..\..\src\GSRTexture2D.h">
      <Filter>src\shader</Filter>
    </ClInclude>
    <ClInclude Include="..\..\src\GOShader.h">
      <Filter>src\shader</Filter>
    </ClInclude>
    <ClInclude Include="..\..\src\GMShader.h">
      <Filter>src\shader</Filter>
    </ClInclude>
    <ClInclude Include="..\..\src\GDShader.h">
      <Filter>src\shader</Filter>
    </ClInclude>
    <ClInclude Include="..\..\src\GXContext.h">
      <Filter>src\context</Filter>
    </ClInclude>
    <ClInclude Include="..\..\src\GBuffer.h">
      <Filter>src\buffer</Filter>
    </ClInclude>
    <ClInclude Include="..\..\src\GIndexBuffer.h">
      <Filter>src\buffer</Filter>
    </ClInclude>
    <ClInclude Include="..\..\src\GTex2DFont.h">
      <Filter>src</Filter>
    </ClInclude>
    <ClInclude Include="..\..\src\GGameResManager.h">
      <Filter>src</Filter>
    </ClInclude>
    <ClInclude Include="..\..\src\GTexture1D.h">
      <Filter>src</Filter>
    </ClInclude>
    <ClInclude Include="..\..\src\GTextureCube.h">
      <Filter>src</Filter>
    </ClInclude>
  </ItemGroup>
  <ItemGroup>
    <None Include="..\..\src\GSRGraphics.gxsl">
      <Filter>src\shader</Filter>
    </None>
    <None Include="..\..\src\GSRTexture2D.gxsl">
      <Filter>src\shader</Filter>
    </None>
  </ItemGroup>
</Project>